
Microsoft Visual Studio Solution File, Format Version 12.00
# Visual Studio Version 16
VisualStudioVersion = 16.0.30523.141
MinimumVisualStudioVersion = 10.0.40219.1
Project("{FAE04EC0-301F-11D3-BF4B-00C04F79EFBC}") = "Capstone.Api", "Capstone.Api\Capstone.Api.csproj", "{9948214F-E7D1-416D-B026-EA3368FBD055}"
EndProject
Project("{FAE04EC0-301F-11D3-BF4B-00C04F79EFBC}") = "Capstone.Core", "Capstone.Core\Capstone.Core.csproj", "{5DAF00F0-F654-4B95-A4C1-5484ADAE70C3}"
EndProject
Project("{FAE04EC0-301F-11D3-BF4B-00C04F79EFBC}") = "Capstone.Infrastructure", "Capstone.Infrastructure\Capstone.Infrastructure.csproj", "{EC02E590-F7F6-4476-B648-4EF3598F8E4F}"
EndProject
Global
	GlobalSection(SolutionConfigurationPlatforms) = preSolution
		Debug|Any CPU = Debug|Any CPU
		Release|Any CPU = Release|Any CPU
	EndGlobalSection
	GlobalSection(ProjectConfigurationPlatforms) = postSolution
		{9948214F-E7D1-416D-B026-EA3368FBD055}.Debug|Any CPU.ActiveCfg = Debug|Any CPU
		{9948214F-E7D1-416D-B026-EA3368FBD055}.Debug|Any CPU.Build.0 = Debug|Any CPU
		{9948214F-E7D1-416D-B026-EA3368FBD055}.Release|Any CPU.ActiveCfg = Release|Any CPU
		{9948214F-E7D1-416D-B026-EA3368FBD055}.Release|Any CPU.Build.0 = Release|Any CPU
		{5DAF00F0-F654-4B95-A4C1-5484ADAE70C3}.Debug|Any CPU.ActiveCfg = Debug|Any CPU
		{5DAF00F0-F654-4B95-A4C1-5484ADAE70C3}.Debug|Any CPU.Build.0 = Debug|Any CPU
		{5DAF00F0-F654-4B95-A4C1-5484ADAE70C3}.Release|Any CPU.ActiveCfg = Release|Any CPU
		{5DAF00F0-F654-4B95-A4C1-5484ADAE70C3}.Release|Any CPU.Build.0 = Release|Any CPU
		{EC02E590-F7F6-4476-B648-4EF3598F8E4F}.Debug|Any CPU.ActiveCfg = Debug|Any CPU
		{EC02E590-F7F6-4476-B648-4EF3598F8E4F}.Debug|Any CPU.Build.0 = Debug|Any CPU
		{EC02E590-F7F6-4476-B648-4EF3598F8E4F}.Release|Any CPU.ActiveCfg = Release|Any CPU
		{EC02E590-F7F6-4476-B648-4EF3598F8E4F}.Release|Any CPU.Build.0 = Release|Any CPU
	EndGlobalSection
	GlobalSection(SolutionProperties) = preSolution
		HideSolutionNode = FALSE
	EndGlobalSection
	GlobalSection(ExtensibilityGlobals) = postSolution
		SolutionGuid = {00767548-C565-4BBD-BE75-1B01EE0FE475}
	EndGlobalSection
EndGlobal
